%{
  "jason": {:hex, :jason, "1.4.4", "b9226785a9aa77b6857ca22832cffa5d5011a667207eb2a0ad56adb5db443b8a", [:mix], [{:decimal, "~> 1.0 or ~> 2.0", [hex: :decimal, repo: "hexpm", optional: true]}], "hexpm", "c5eb0cab91f094599f94d55bc63409236a8ec69a21a67814529e8d5f6cc90b3b"},
  "table": {:hex, :table, "0.1.2", "87ad1125f5b70c5dea0307aa633194083eb5182ec537efc94e96af08937e14a8", [:mix], [], "hexpm", "7e99bc7efef806315c7e65640724bf165c3061cdc5d854060f74468367065029"},
  "vega_lite": {:hex, :vega_lite, "0.1.9", "d7a288665f916181b68d0a3617f1b3611d16a4dcd5fafb51b847b71db1159d4c", [:mix], [{:table, "~> 0.1.0", [hex: :table, repo: "hexpm", optional: false]}], "hexpm", "c6a056e763162198e73ae6dfb46c09753bb0298474410fd085074e1cdcee7418"},
}
